<?xml version="1.0" encoding="utf-8"?>
<Project ToolsVersion="4.0" xmlns="http://schemas.microsoft.com/developer/msbuild/2003">
  <ItemGroup>
    <Filter Include="Resource Files">
      <UniqueIdentifier>{67DA6AB6-F800-4c08-8B7A-83BB121AAD01}</UniqueIdentifier>
      <Extensions>rc;ico;cur;bmp;dlg;rc2;rct;bin;rgs;gif;jpg;jpeg;jpe;resx;tiff;tif;png;wav;mfcribbon-ms</Extensions>
    </Filter>
    <Filter Include="RenderBody">
      <UniqueIdentifier>{fc4b2e9e-2e8b-4ab3-a7ce-ede43ef36dd5}</UniqueIdentifier>
    </Filter>
    <Filter Include="Pch">
      <UniqueIdentifier>{a3830a71-aec9-4473-b0b8-01c905e2f0ab}</UniqueIdentifier>
    </Filter>
    <Filter Include="Interface">
      <UniqueIdentifier>{e2e9f993-d61f-40e0-b3bf-5e379d132dcf}</UniqueIdentifier>
    </Filter>
    <Filter Include="Common">
      <UniqueIdentifier>{2938e357-689a-49f6-bb16-8dc0f23c94bb}</UniqueIdentifier>
    </Filter>
    <Filter Include="Shaders">
      <UniqueIdentifier>{e7bc0b06-9630-4602-b52a-0eeafaf0364c}</UniqueIdentifier>
    </Filter>
  </ItemGroup>
  <ItemGroup>
    <ClCompile Include="pch.cpp">
      <Filter>Pch</Filter>
    </ClCompile>
    <ClCompile Include="dllmain.cpp">
      <Filter>RenderBody</Filter>
    </ClCompile>
    <ClCompile Include="D3D11Renderer.cpp">
      <Filter>RenderBody</Filter>
    </ClCompile>
  </ItemGroup>
  <ItemGroup>
    <ClInclude Include="pch.h">
      <Filter>Pch</Filter>
    </ClInclude>
    <ClInclude Include="..\Interface\IRenderer.h">
      <Filter>Interface</Filter>
    </ClInclude>
    <ClInclude Include="D3D11Renderer.h">
      <Filter>RenderBody</Filter>
    </ClInclude>
    <ClInclude Include="RendererMacro.h">
      <Filter>RenderBody</Filter>
    </ClInclude>
    <ClInclude Include="..\Common\Type.h">
      <Filter>Common</Filter>
    </ClInclude>
    <ClInclude Include="RendererType.h">
      <Filter>RenderBody</Filter>
    </ClInclude>
    <ClInclude Include="..\Common\Math.h">
      <Filter>Common</Filter>
    </ClInclude>
  </ItemGroup>
  <ItemGroup>
    <CustomBuild Include="..\Shaders\DefaultVS.hlsl">
      <Filter>Shaders</Filter>
    </CustomBuild>
    <CustomBuild Include="..\Shaders\DefaultPS.hlsl">
      <Filter>Shaders</Filter>
    </CustomBuild>
  </ItemGroup>
  <ItemGroup>
    <None Include="..\Common\Math.inl">
      <Filter>Common</Filter>
    </None>
  </ItemGroup>
</Project>